
Microsoft Visual Studio Solution File, Format Version 12.00
# Visual Studio Version 17
VisualStudioVersion = 17.9.34701.34
MinimumVisualStudioVersion = 10.0.40219.1
Project("{FAE04EC0-301F-11D3-BF4B-00C04F79EFBC}") = "Praqtikuli_Davaleba_2", "Praqtikuli_Davaleba_2\Praqtikuli_Davaleba_2.csproj", "{8C8E83BB-58BA-4894-9CCF-9F299E1108BB}"
EndProject
Global
	GlobalSection(SolutionConfigurationPlatforms) = preSolution
		Debug|Any CPU = Debug|Any CPU
		Release|Any CPU = Release|Any CPU
	EndGlobalSection
	GlobalSection(ProjectConfigurationPlatforms) = postSolution
		{8C8E83BB-58BA-4894-9CCF-9F299E1108BB}.Debug|Any CPU.ActiveCfg = Debug|Any CPU
		{8C8E83BB-58BA-4894-9CCF-9F299E1108BB}.Debug|Any CPU.Build.0 = Debug|Any CPU
		{8C8E83BB-58BA-4894-9CCF-9F299E1108BB}.Release|Any CPU.ActiveCfg = Release|Any CPU
		{8C8E83BB-58BA-4894-9CCF-9F299E1108BB}.Release|Any CPU.Build.0 = Release|Any CPU
	EndGlobalSection
	GlobalSection(SolutionProperties) = preSolution
		HideSolutionNode = FALSE
	EndGlobalSection
	GlobalSection(ExtensibilityGlobals) = postSolution
		SolutionGuid = {A60C6E56-B1BF-4CA3-8EAA-9879F398B8CC}
	EndGlobalSection
EndGlobal
